{
  "version": 4,
  "terraform_version": "1.0.8",
  "serial": 1,
  "lineage": "7e773b0e-f815-b56a-7726-20508073f872",
  "outputs": {},
  "resources": [
    {
      "mode": "managed",
      "type": "aws_s3_bucket",
      "name": "s3_bucket",
      "provider": "provider[\"registry.terraform.io/hashicorp/aws\"]",
      "instances": [
        {
          "status": "tainted",
          "schema_version": 0,
          "attributes": {
            "acceleration_status": null,
            "acl": "public-read",
            "arn": null,
            "bucket": "gopalbuck14",
            "bucket_domain_name": null,
            "bucket_prefix": null,
            "bucket_regional_domain_name": null,
            "cors_rule": [],
            "force_destroy": true,
            "grant": [],
            "hosted_zone_id": null,
            "id": "gopalbuck14",
            "lifecycle_rule": [],
            "logging": [],
            "object_lock_configuration": [],
            "policy": " {\r\n  \"Version\": \"2012-10-17\",\r\n  \"Statement\": [\r\n      {\r\n          \"Sid\": \"PublicReadGetObject\",\r\n          \"Effect\": \"Allow\",\r\n          \"Principal\": \"*\",\r\n          \"Action\": [\r\n              \"s3:GetObject\"\r\n          ],\r\n          \"Resource\": [\r\n              \"arn:aws:s3:::gopalbuck14/*\"\r\n          ]\r\n      }\r\n  ]\r\n}  \r\n",
            "region": null,
            "replication_configuration": [],
            "request_payer": null,
            "server_side_encryption_configuration": [],
            "tags": {
              "Environment": "dev",
              "Terraform": "true"
            },
            "tags_all": {
              "Environment": "dev",
              "Terraform": "true"
            },
            "versioning": null,
            "website": [
              {
                "error_document": "error.html",
                "index_document": "index.html",
                "redirect_all_requests_to": "",
                "routing_rules": ""
              }
            ],
            "website_domain": null,
            "website_endpoint": null
          },
          "sensitive_attributes": [],
          "private": "bnVsbA=="
        }
      ]
    }
  ]
}
